
Microsoft Visual Studio Solution File, Format Version 12.00
# Visual Studio 2013
VisualStudioVersion = 12.0.31101.0
MinimumVisualStudioVersion = 10.0.40219.1
Project("{8BC9CEB8-8B4A-11D0-8D11-00A0C91BC942}") = "21-10-23", "21-10-23\21-10-23.vcxproj", "{E7060307-8506-4D9C-85FB-C6ACA0CBFB7B}"
EndProject
Global
	GlobalSection(SolutionConfigurationPlatforms) = preSolution
		Debug|Win32 = Debug|Win32
		Release|Win32 = Release|Win32
	EndGlobalSection
	GlobalSection(ProjectConfigurationPlatforms) = postSolution
		{E7060307-8506-4D9C-85FB-C6ACA0CBFB7B}.Debug|Win32.ActiveCfg = Debug|Win32
		{E7060307-8506-4D9C-85FB-C6ACA0CBFB7B}.Debug|Win32.Build.0 = Debug|Win32
		{E7060307-8506-4D9C-85FB-C6ACA0CBFB7B}.Release|Win32.ActiveCfg = Release|Win32
		{E7060307-8506-4D9C-85FB-C6ACA0CBFB7B}.Release|Win32.Build.0 = Release|Win32
	EndGlobalSection
	GlobalSection(SolutionProperties) = preSolution
		HideSolutionNode = FALSE
	EndGlobalSection
EndGlobal
